
Microsoft Visual Studio Solution File, Format Version 12.00
# Visual Studio Version 16
VisualStudioVersion = 16.0.31624.102
MinimumVisualStudioVersion = 10.0.40219.1
Project("{FAE04EC0-301F-11D3-BF4B-00C04F79EFBC}") = "TourBookingApp", "TourBookingApp\TourBookingApp.csproj", "{6C7A813D-F9D9-4B66-BA8D-D62767E06645}"
EndProject
Global
	GlobalSection(SolutionConfigurationPlatforms) = preSolution
		Debug|Any CPU = Debug|Any CPU
		Release|Any CPU = Release|Any CPU
	EndGlobalSection
	GlobalSection(ProjectConfigurationPlatforms) = postSolution
		{6C7A813D-F9D9-4B66-BA8D-D62767E06645}.Debug|Any CPU.ActiveCfg = Debug|Any CPU
		{6C7A813D-F9D9-4B66-BA8D-D62767E06645}.Debug|Any CPU.Build.0 = Debug|Any CPU
		{6C7A813D-F9D9-4B66-BA8D-D62767E06645}.Release|Any CPU.ActiveCfg = Release|Any CPU
		{6C7A813D-F9D9-4B66-BA8D-D62767E06645}.Release|Any CPU.Build.0 = Release|Any CPU
	EndGlobalSection
	GlobalSection(SolutionProperties) = preSolution
		HideSolutionNode = FALSE
	EndGlobalSection
	GlobalSection(ExtensibilityGlobals) = postSolution
		SolutionGuid = {CB36C1AC-A62F-419B-B9E9-3CA627C279EC}
	EndGlobalSection
EndGlobal
